set_location_assignment PIN_P11 -to clk
set_location_assignment PIN_B8 -to rst
set_location_assignment PIN_C11 -to speed_sel[1]
set_location_assignment PIN_C10 -to speed_sel[0]
set_location_assignment PIN_B10 -to led[3]
set_location_assignment PIN_A10 -to led[2]
set_location_assignment PIN_A9 -to led[1]
set_location_assignment PIN_A8 -to led[0]