set_location_assignment PIN_P11 -to clk
set_location_assignment PIN_B8  -to rst
set_location_assignment PIN_C10  -to SW[0]
set_location_assignment PIN_C11  -to SW[1]
set_location_assignment PIN_D12  -to SW[2]
set_location_assignment PIN_C12  -to SW[3]
set_location_assignment PIN_V10 -to J4[1]
set_location_assignment PIN_V8  -to J4[2]
set_location_assignment PIN_W10 -to J4[3]
set_location_assignment PIN_W8  -to J4[4]
set_location_assignment PIN_V9  -to J4[5]
set_location_assignment PIN_V7  -to J4[6]
set_location_assignment PIN_W9  -to J4[7]
set_location_assignment PIN_W7  -to J4[8]
set_location_assignment PIN_W6   -to J7[1]
set_location_assignment PIN_AA14 -to J7[2]
set_location_assignment PIN_V5   -to J7[3]
set_location_assignment PIN_W13  -to J7[4]
set_location_assignment PIN_W5   -to J7[5]
set_location_assignment PIN_W12  -to J7[6]
set_location_assignment PIN_AA15 -to J7[7]
set_location_assignment PIN_AB13 -to J7[8]
set_location_assignment PIN_AB12 -to J11[1]
set_location_assignment PIN_AB10 -to J11[2]
set_location_assignment PIN_Y11  -to J11[3]
set_location_assignment PIN_AA10 -to J11[4]
set_location_assignment PIN_AB11 -to J11[5]
set_location_assignment PIN_AA9  -to J11[6]
set_location_assignment PIN_W11  -to J11[7]
set_location_assignment PIN_Y8   -to J11[8]
set_location_assignment PIN_D15 -to SEG7_0[7]
set_location_assignment PIN_C17 -to SEG7_0[6]
set_location_assignment PIN_D17 -to SEG7_0[5]
set_location_assignment PIN_E16 -to SEG7_0[4]
set_location_assignment PIN_C16 -to SEG7_0[3]
set_location_assignment PIN_C15 -to SEG7_0[2]
set_location_assignment PIN_E15 -to SEG7_0[1]
set_location_assignment PIN_C14 -to SEG7_0[0]