set_location_assignment PIN_P11 -to clk
set_location_assignment PIN_B8 -to rst
set_location_assignment PIN_C11 -to speed_sel[1]
set_location_assignment PIN_C10 -to speed_sel[0]
set_location_assignment PIN_C14 -to seg7[0]
set_location_assignment PIN_E15 -to seg7[1]
set_location_assignment PIN_C15 -to seg7[2]
set_location_assignment PIN_C16 -to seg7[3]
set_location_assignment PIN_E16 -to seg7[4]
set_location_assignment PIN_D17 -to seg7[5]
set_location_assignment PIN_C17 -to seg7[6]
set_location_assignment PIN_D15 -to seg7_dpt